Microsoft Visual Studio Solution File, Format Version 12.00
# Visual Studio 2012
Project("{FAE04EC0-301F-11D3-BF4B-00C04F79EFBC}") = "ChessBoardCtrl", "ChessBoardCtrl.csproj", "{8C5DEF94-2158-4832-9419-B61A006D7925}"
EndProject
Project("{FAE04EC0-301F-11D3-BF4B-00C04F79EFBC}") = "ChessDemo", "..\ChessDemo\ChessDemo.csproj", "{9E74BE0B-6333-4E13-8225-63110194F761}"
EndProject
Global
	GlobalSection(SolutionConfigurationPlatforms) = preSolution
		Debug|Any CPU = Debug|Any CPU
		Release|Any CPU = Release|Any CPU
	EndGlobalSection
	GlobalSection(ProjectConfigurationPlatforms) = postSolution
		{8C5DEF94-2158-4832-9419-B61A006D7925}.Debug|Any CPU.ActiveCfg = Debug|Any CPU
		{8C5DEF94-2158-4832-9419-B61A006D7925}.Debug|Any CPU.Build.0 = Debug|Any CPU
		{8C5DEF94-2158-4832-9419-B61A006D7925}.Release|Any CPU.ActiveCfg = Release|Any CPU
		{8C5DEF94-2158-4832-9419-B61A006D7925}.Release|Any CPU.Build.0 = Release|Any CPU
		{9E74BE0B-6333-4E13-8225-63110194F761}.Debug|Any CPU.ActiveCfg = Debug|Any CPU
		{9E74BE0B-6333-4E13-8225-63110194F761}.Release|Any CPU.ActiveCfg = Release|Any CPU
	EndGlobalSection
	GlobalSection(SolutionProperties) = preSolution
		HideSolutionNode = FALSE
	EndGlobalSection
EndGlobal
